# THIS IS AN AUTOGENERATED FILE. DO NOT EDIT THIS FILE DIRECTLY.
# yarn lockfile v1


"@babel/parser@^7.8.6":
  version "7.8.7"
  resolved "https://registry.yarnpkg.com/@babel/parser/-/parser-7.8.7.tgz#7b8facf95d25fef9534aad51c4ffecde1a61e26a"
  integrity sha512-9JWls8WilDXFGxs0phaXAZgpxTZhSk/yOYH2hTHC0X1yC7Z78IJfvR1vJ+rmJKq3I35td2XzXzN6ZLYlna+r/A==

"@babel/types@^7.8.6":
  version "7.8.7"
  resolved "https://registry.yarnpkg.com/@babel/types/-/types-7.8.7.tgz#1fc9729e1acbb2337d5b6977a63979b4819f5d1d"
  integrity sha512-k2TreEHxFA4CjGkL+GYjRyx35W0Mr7DP5+9q6WMkyKXB+904bYmG40syjMFV0oLlhhFCwWl0vA0DyzTDkwAiJw==
  dependencies:
    esutils "^2.0.2"
    lodash "^4.17.13"
    to-fast-properties "^2.0.0"

"@vue/compiler-core@3.0.0-alpha.12":
  version "3.0.0-alpha.12"
  resolved "https://registry.yarnpkg.com/@vue/compiler-core/-/compiler-core-3.0.0-alpha.12.tgz#f125bdfd637d6bcc95edb2c55483a242932c5d2e"
  integrity sha512-0aDhUP9SS+O1psH2xm08oxQQV+5p5ig/zhSNL8fOreSQabIzfSuNfZqrJ8e2Ffa+zoJkZ0Z0SKJ1+UuzHXm0zA==
  dependencies:
    "@babel/parser" "^7.8.6"
    "@babel/types" "^7.8.6"
    "@vue/shared" "3.0.0-alpha.12"
    estree-walker "^0.8.1"
    source-map "^0.6.1"

"@vue/compiler-dom@3.0.0-alpha.12":
  version "3.0.0-alpha.12"
  resolved "https://registry.yarnpkg.com/@vue/compiler-dom/-/compiler-dom-3.0.0-alpha.12.tgz#3f5b856007d5201c477540299bd89e0989e83543"
  integrity sha512-MpdGAFmS8Pc945Kgo0FbAQVObi+aTBGpDCz4f1UwBBR8z/TVgENTd8DXzksOnu82RrW1hV5Lbn3uUW/RuHFJlQ==
  dependencies:
    "@vue/compiler-core" "3.0.0-alpha.12"
    "@vue/shared" "3.0.0-alpha.12"

"@vue/reactivity@3.0.0-alpha.12":
  version "3.0.0-alpha.12"
  resolved "https://registry.yarnpkg.com/@vue/reactivity/-/reactivity-3.0.0-alpha.12.tgz#35cb74dd08ee8f8929166b54cbaa0c30c959a865"
  integrity sha512-9lSysYh00p1lkZehwjUf6r4aZIgp+rRKIWfxlffnnEwH1rloOV0RkYJrix4NTOcxHHqIYYcoGBVJ3AK64pCJoQ==
  dependencies:
    "@vue/shared" "3.0.0-alpha.12"

"@vue/runtime-core@3.0.0-alpha.12":
  version "3.0.0-alpha.12"
  resolved "https://registry.yarnpkg.com/@vue/runtime-core/-/runtime-core-3.0.0-alpha.12.tgz#790c4a9743d2999d1886b6da1a193f90aaf5fa9a"
  integrity sha512-eVhd4bbVNd25FulwR9B6QD5+TeADlwSUm1ktRA0zvO3Sy+QAABPXXI147R/i18tr2v51tVWsUTIWz5f7H7Uang==
  dependencies:
    "@vue/reactivity" "3.0.0-alpha.12"
    "@vue/shared" "3.0.0-alpha.12"

"@vue/runtime-dom@3.0.0-alpha.12":
  version "3.0.0-alpha.12"
  resolved "https://registry.yarnpkg.com/@vue/runtime-dom/-/runtime-dom-3.0.0-alpha.12.tgz#70044b72db2ec184b49baaa6e36fc7ac6f7b2fbd"
  integrity sha512-G5JHfJfm/NX0hsoI/x3PNYqzv99B4Dryz9WU++WAIwM+VZLyTat0H6Q3jWdVeGm5h9tY/zr6UD7NokGRKuwsUw==
  dependencies:
    "@vue/runtime-core" "3.0.0-alpha.12"
    "@vue/shared" "3.0.0-alpha.12"
    csstype "^2.6.8"

"@vue/shared@3.0.0-alpha.12":
  version "3.0.0-alpha.12"
  resolved "https://registry.yarnpkg.com/@vue/shared/-/shared-3.0.0-alpha.12.tgz#36855f95e2855f0099980aebf63edf51e0bad471"
  integrity sha512-SVXQd0fJ7Fod7J8WBFDPLp0rNobnixo11E+OevC9cBs5Y0fZklAr+8i5XaJJ/fdPr9qDWFHweXDwIvVzpoZMOA==

core-js@^3.6.4:
  version "3.6.4"
  resolved "https://registry.yarnpkg.com/core-js/-/core-js-3.6.4.tgz#440a83536b458114b9cb2ac1580ba377dc470647"
  integrity sha512-4paDGScNgZP2IXXilaffL9X7968RuvwlkK3xWtZRVqgd8SYNiVKRJvkFd1aqqEuPfN7E68ZHEp9hDj6lHj4Hyw==

csstype@^2.6.8:
  version "2.6.9"
  resolved "https://registry.yarnpkg.com/csstype/-/csstype-2.6.9.tgz#05141d0cd557a56b8891394c1911c40c8a98d098"
  integrity sha512-xz39Sb4+OaTsULgUERcCk+TJj8ylkL4aSVDQiX/ksxbELSqwkgt4d4RD7fovIdgJGSuNYqwZEiVjYY5l0ask+Q==

estree-walker@^0.8.1:
  version "0.8.1"
  resolved "https://registry.yarnpkg.com/estree-walker/-/estree-walker-0.8.1.tgz#6230ce2ec9a5cb03888afcaf295f97d90aa52b79"
  integrity sha512-H6cJORkqvrNziu0KX2hqOMAlA2CiuAxHeGJXSIoKA/KLv229Dw806J3II6mKTm5xiDX1At1EXCfsOQPB+tMB+g==

esutils@^2.0.2:
  version "2.0.3"
  resolved "https://registry.yarnpkg.com/esutils/-/esutils-2.0.3.tgz#74d2eb4de0b8da1293711910d50775b9b710ef64"
  integrity sha512-kVscqXk4OCp68SZ0dkgEKVi6/8ij300KBWTJq32P/dYeWTSwK41WyTxalN1eRmA5Z9UU/LX9D7FWSmV9SAYx6g==

lodash@^4.17.13:
  version "4.17.15"
  resolved "https://registry.yarnpkg.com/lodash/-/lodash-4.17.15.tgz#b447f6670a0455bbfeedd11392eff330ea097548"
  integrity sha512-8xOcRHvCjnocdS5cpwXQXVzmmh5e5+saE2QGoeQmbKmRS6J3VQppPOIt0MnmE+4xlZoumy0GPG0D0MVIQbNA1A==

source-map@^0.6.1:
  version "0.6.1"
  resolved "https://registry.yarnpkg.com/source-map/-/source-map-0.6.1.tgz#74722af32e9614e9c287a8d0bbde48b5e2f1a263"
  integrity sha512-UjgapumWlbMhkBgzT7Ykc5YXUT46F0iKu8SGXq0bcwP5dz/h0Plj6enJqjz1Zbq2l5WaqYnrVbwWOWMyF3F47g==

to-fast-properties@^2.0.0:
  version "2.0.0"
  resolved "https://registry.yarnpkg.com/to-fast-properties/-/to-fast-properties-2.0.0.tgz#dc5e698cbd079265bc73e0377681a4e4e83f616e"
  integrity sha1-3F5pjL0HkmW8c+A3doGk5Og/YW4=

vue@^3.0.0-alpha.12:
  version "3.0.0-alpha.12"
  resolved "https://registry.yarnpkg.com/vue/-/vue-3.0.0-alpha.12.tgz#b8eb8dd47822e8d4479bd2d4155a28f7b2c72689"
  integrity sha512-EKMdt7MOSXLo6F6h8UHLI8GzW58qDyyKPLt4NV6GOzyjtSPdlx2j+ZsCe6C9d+NRXSvvf4RtUwpWqOZ/jGmZwg==
  dependencies:
    "@vue/compiler-dom" "3.0.0-alpha.12"
    "@vue/runtime-dom" "3.0.0-alpha.12"
    "@vue/shared" "3.0.0-alpha.12"
