# THIS IS AN AUTOGENERATED FILE. DO NOT EDIT THIS FILE DIRECTLY.
# yarn lockfile v1


"@babel/parser@^7.8.6":
  version "7.8.7"
  resolved "https://registry.yarnpkg.com/@babel/parser/-/parser-7.8.7.tgz#7b8facf95d25fef9534aad51c4ffecde1a61e26a"
  integrity sha512-9JWls8WilDXFGxs0phaXAZgpxTZhSk/yOYH2hTHC0X1yC7Z78IJfvR1vJ+rmJKq3I35td2XzXzN6ZLYlna+r/A==

"@babel/types@^7.8.6":
  version "7.8.7"
  resolved "https://registry.yarnpkg.com/@babel/types/-/types-7.8.7.tgz#1fc9729e1acbb2337d5b6977a63979b4819f5d1d"
  integrity sha512-k2TreEHxFA4CjGkL+GYjRyx35W0Mr7DP5+9q6WMkyKXB+904bYmG40syjMFV0oLlhhFCwWl0vA0DyzTDkwAiJw==
  dependencies:
    esutils "^2.0.2"
    lodash "^4.17.13"
    to-fast-properties "^2.0.0"

"@vue/compiler-core@3.0.0-alpha.8":
  version "3.0.0-alpha.8"
  resolved "https://registry.yarnpkg.com/@vue/compiler-core/-/compiler-core-3.0.0-alpha.8.tgz#849dab7a96c482a00e03a273f075e5d12fd7aaa8"
  integrity sha512-TCio1nuzuVUS9oeQycHsjRFTO9Bs4qO43S/73+MyBe/8ZHfhXn0nx6sxYfLytxnoyeo2Z4TGTevGQq7LUKO32g==
  dependencies:
    "@babel/parser" "^7.8.6"
    "@babel/types" "^7.8.6"
    "@vue/shared" "3.0.0-alpha.8"
    estree-walker "^0.8.1"
    source-map "^0.6.1"

"@vue/compiler-dom@3.0.0-alpha.8":
  version "3.0.0-alpha.8"
  resolved "https://registry.yarnpkg.com/@vue/compiler-dom/-/compiler-dom-3.0.0-alpha.8.tgz#82431ffaec5e889cd069954f4f5b90406f123108"
  integrity sha512-y/zGe9mIDIqm6l0xVKA0+AQ2iCQZoqt16JKViP6r4TEcF8FdB9cAGV4vC07fGv3HeI2FpaHL5j8KQ15k9BP+Gg==
  dependencies:
    "@vue/compiler-core" "3.0.0-alpha.8"
    "@vue/shared" "3.0.0-alpha.8"

"@vue/reactivity@3.0.0-alpha.8":
  version "3.0.0-alpha.8"
  resolved "https://registry.yarnpkg.com/@vue/reactivity/-/reactivity-3.0.0-alpha.8.tgz#18ece6e7f6872b586035038e868b9a60ee347929"
  integrity sha512-E5FLripB13siehg/40TYSWhtV1DrgyjeSEjxm28RreJ2Rr1YS8yX+v9o8jS13RbkZeqhoHnY5DEnb5dsHMf/JA==
  dependencies:
    "@vue/shared" "3.0.0-alpha.8"

"@vue/runtime-core@3.0.0-alpha.8":
  version "3.0.0-alpha.8"
  resolved "https://registry.yarnpkg.com/@vue/runtime-core/-/runtime-core-3.0.0-alpha.8.tgz#a45a8020a059c78c316642a22932255ace58d212"
  integrity sha512-nxFzUAZIeY/5P7wTQdkBWyWcINESHINb8sO5fzEs/QKqd0NwoFKopxuWUyeU81L5kbYG03dhiik1q2+VFABS2A==
  dependencies:
    "@vue/reactivity" "3.0.0-alpha.8"
    "@vue/shared" "3.0.0-alpha.8"

"@vue/runtime-dom@3.0.0-alpha.8":
  version "3.0.0-alpha.8"
  resolved "https://registry.yarnpkg.com/@vue/runtime-dom/-/runtime-dom-3.0.0-alpha.8.tgz#717ee80e73c2a4070d5db808f13227a9f0cd25d2"
  integrity sha512-vGKtS81UE1AbRFwJyLhbezd+WrrsGrCt96idrygl4JAJhkNHVkLVJHoNRaF7UCqurAt3ay2O1JEyqRhyJHA/nA==
  dependencies:
    "@vue/runtime-core" "3.0.0-alpha.8"
    "@vue/shared" "3.0.0-alpha.8"
    csstype "^2.6.8"

"@vue/shared@3.0.0-alpha.8":
  version "3.0.0-alpha.8"
  resolved "https://registry.yarnpkg.com/@vue/shared/-/shared-3.0.0-alpha.8.tgz#59dd820e8a7b98847624cb94cdfa89e97993fa3c"
  integrity sha512-HcYWx9tU426lQOWOJ4Ht9DCNb1yN3dxe87Fhf1pMNPt4qdHycmCszyimwe48O3VgYWsPndWg7E/RmCh3yjkPpA==

core-js@^3.6.4:
  version "3.6.4"
  resolved "https://registry.yarnpkg.com/core-js/-/core-js-3.6.4.tgz#440a83536b458114b9cb2ac1580ba377dc470647"
  integrity sha512-4paDGScNgZP2IXXilaffL9X7968RuvwlkK3xWtZRVqgd8SYNiVKRJvkFd1aqqEuPfN7E68ZHEp9hDj6lHj4Hyw==

csstype@^2.6.8:
  version "2.6.9"
  resolved "https://registry.yarnpkg.com/csstype/-/csstype-2.6.9.tgz#05141d0cd557a56b8891394c1911c40c8a98d098"
  integrity sha512-xz39Sb4+OaTsULgUERcCk+TJj8ylkL4aSVDQiX/ksxbELSqwkgt4d4RD7fovIdgJGSuNYqwZEiVjYY5l0ask+Q==

estree-walker@^0.8.1:
  version "0.8.1"
  resolved "https://registry.yarnpkg.com/estree-walker/-/estree-walker-0.8.1.tgz#6230ce2ec9a5cb03888afcaf295f97d90aa52b79"
  integrity sha512-H6cJORkqvrNziu0KX2hqOMAlA2CiuAxHeGJXSIoKA/KLv229Dw806J3II6mKTm5xiDX1At1EXCfsOQPB+tMB+g==

esutils@^2.0.2:
  version "2.0.3"
  resolved "https://registry.yarnpkg.com/esutils/-/esutils-2.0.3.tgz#74d2eb4de0b8da1293711910d50775b9b710ef64"
  integrity sha512-kVscqXk4OCp68SZ0dkgEKVi6/8ij300KBWTJq32P/dYeWTSwK41WyTxalN1eRmA5Z9UU/LX9D7FWSmV9SAYx6g==

lodash@^4.17.13:
  version "4.17.15"
  resolved "https://registry.yarnpkg.com/lodash/-/lodash-4.17.15.tgz#b447f6670a0455bbfeedd11392eff330ea097548"
  integrity sha512-8xOcRHvCjnocdS5cpwXQXVzmmh5e5+saE2QGoeQmbKmRS6J3VQppPOIt0MnmE+4xlZoumy0GPG0D0MVIQbNA1A==

source-map@^0.6.1:
  version "0.6.1"
  resolved "https://registry.yarnpkg.com/source-map/-/source-map-0.6.1.tgz#74722af32e9614e9c287a8d0bbde48b5e2f1a263"
  integrity sha512-UjgapumWlbMhkBgzT7Ykc5YXUT46F0iKu8SGXq0bcwP5dz/h0Plj6enJqjz1Zbq2l5WaqYnrVbwWOWMyF3F47g==

to-fast-properties@^2.0.0:
  version "2.0.0"
  resolved "https://registry.yarnpkg.com/to-fast-properties/-/to-fast-properties-2.0.0.tgz#dc5e698cbd079265bc73e0377681a4e4e83f616e"
  integrity sha1-3F5pjL0HkmW8c+A3doGk5Og/YW4=

vue@^3.0.0-alpha.8:
  version "3.0.0-alpha.8"
  resolved "https://registry.yarnpkg.com/vue/-/vue-3.0.0-alpha.8.tgz#7157b9f614b5eb83261bbb3998d2b15b9158feab"
  integrity sha512-yyW9pg9rOZYYCFr7ft76lZb30eAkTOiHuHU3KazqXz+G72uwFH0tbbgDO13Xfh/FhcnifxMhYnI8qyGNN8LNlA==
  dependencies:
    "@vue/compiler-dom" "3.0.0-alpha.8"
    "@vue/runtime-dom" "3.0.0-alpha.8"
    "@vue/shared" "3.0.0-alpha.8"
